
Microsoft Visual Studio Solution File, Format Version 12.00
# Visual Studio Version 17
VisualStudioVersion = 17.14.36429.23 d17.14
MinimumVisualStudioVersion = 10.0.40219.1
Project("{FAE04EC0-301F-11D3-BF4B-00C04F79EFBC}") = "Calculator", "Calculator\Calculator.csproj", "{C9F53854-55D6-4EF8-8DF8-F6F86D5F8DF7}"
EndProject
Global
	GlobalSection(SolutionConfigurationPlatforms) = preSolution
		Debug|Any CPU = Debug|Any CPU
		Release|Any CPU = Release|Any CPU
	EndGlobalSection
	GlobalSection(ProjectConfigurationPlatforms) = postSolution
		{C9F53854-55D6-4EF8-8DF8-F6F86D5F8DF7}.Debug|Any CPU.ActiveCfg = Debug|Any CPU
		{C9F53854-55D6-4EF8-8DF8-F6F86D5F8DF7}.Debug|Any CPU.Build.0 = Debug|Any CPU
		{C9F53854-55D6-4EF8-8DF8-F6F86D5F8DF7}.Release|Any CPU.ActiveCfg = Release|Any CPU
		{C9F53854-55D6-4EF8-8DF8-F6F86D5F8DF7}.Release|Any CPU.Build.0 = Release|Any CPU
	EndGlobalSection
	GlobalSection(SolutionProperties) = preSolution
		HideSolutionNode = FALSE
	EndGlobalSection
	GlobalSection(ExtensibilityGlobals) = postSolution
		SolutionGuid = {8B72C5C1-23CC-4E2C-9A4E-150442989442}
	EndGlobalSection
EndGlobal
